// !$*UTF8*$!
{
	archiveVersion = 1;
	classes = {
	};
	objectVersion = 56;
	objects = {

/* Begin PBXBuildFile section */
		A2752F7A2B64BFB200EB268F /* TLButton.swift in Sources */ = {isa = PBXBuildFile; fileRef = A2752F792B64BFB200EB268F /* TLButton.swift */; };
		A2AD4B912B647C800081A264 /* ToDoListApp.swift in Sources */ = {isa = PBXBuildFile; fileRef = A2AD4B902B647C800081A264 /* ToDoListApp.swift */; };
		A2AD4B932B647C800081A264 /* MainView.swift in Sources */ = {isa = PBXBuildFile; fileRef = A2AD4B922B647C800081A264 /* MainView.swift */; };
		A2AD4B952B647C820081A264 /* Assets.xcassets in Resources */ = {isa = PBXBuildFile; fileRef = A2AD4B942B647C820081A264 /* Assets.xcassets */; };
		A2AD4B982B647C820081A264 /* Preview Assets.xcassets in Resources */ = {isa = PBXBuildFile; fileRef = A2AD4B972B647C820081A264 /* Preview Assets.xcassets */; };
		A2AD4BA22B647C820081A264 /* ToDoListTests.swift in Sources */ = {isa = PBXBuildFile; fileRef = A2AD4BA12B647C820081A264 /* ToDoListTests.swift */; };
		A2AD4BAC2B647C820081A264 /* ToDoListUITests.swift in Sources */ = {isa = PBXBuildFile; fileRef = A2AD4BAB2B647C820081A264 /* ToDoListUITests.swift */; };
		A2AD4BAE2B647C820081A264 /* ToDoListUITestsLaunchTests.swift in Sources */ = {isa = PBXBuildFile; fileRef = A2AD4BAD2B647C820081A264 /* ToDoListUITestsLaunchTests.swift */; };
		A2AD4BBB2B6499C70081A264 /* GoogleService-Info.plist in Resources */ = {isa = PBXBuildFile; fileRef = A2AD4BBA2B6499C70081A264 /* GoogleService-Info.plist */; };
		A2AD4BBE2B649AFD0081A264 /* FirebaseAuth in Frameworks */ = {isa = PBXBuildFile; productRef = A2AD4BBD2B649AFD0081A264 /* FirebaseAuth */; };
		A2AD4BC02B649AFD0081A264 /* FirebaseFirestore in Frameworks */ = {isa = PBXBuildFile; productRef = A2AD4BBF2B649AFD0081A264 /* FirebaseFirestore */; };
		A2AD4BC22B649AFD0081A264 /* FirebaseFirestoreSwift in Frameworks */ = {isa = PBXBuildFile; productRef = A2AD4BC12B649AFD0081A264 /* FirebaseFirestoreSwift */; };
		A2AD4BC92B64A5670081A264 /* ProfileView.swift in Sources */ = {isa = PBXBuildFile; fileRef = A2AD4BC82B64A5670081A264 /* ProfileView.swift */; };
		A2AD4BCB2B64A57F0081A264 /* ToDoListItemView.swift in Sources */ = {isa = PBXBuildFile; fileRef = A2AD4BCA2B64A57F0081A264 /* ToDoListItemView.swift */; };
		A2AD4BCD2B64A58E0081A264 /* NewItemView.swift in Sources */ = {isa = PBXBuildFile; fileRef = A2AD4BCC2B64A58E0081A264 /* NewItemView.swift */; };
		A2AD4BCF2B64A59C0081A264 /* LoginView.swift in Sources */ = {isa = PBXBuildFile; fileRef = A2AD4BCE2B64A59C0081A264 /* LoginView.swift */; };
		A2AD4BD12B64A6950081A264 /* ToDoListView.swift in Sources */ = {isa = PBXBuildFile; fileRef = A2AD4BD02B64A6950081A264 /* ToDoListView.swift */; };
		A2AD4BD32B64A7210081A264 /* User.swift in Sources */ = {isa = PBXBuildFile; fileRef = A2AD4BD22B64A7210081A264 /* User.swift */; };
		A2AD4BD52B64A7330081A264 /* ToDoListItem.swift in Sources */ = {isa = PBXBuildFile; fileRef = A2AD4BD42B64A7330081A264 /* ToDoListItem.swift */; };
		A2AD4BD72B64A74E0081A264 /* MainViewViewModel.swift in Sources */ = {isa = PBXBuildFile; fileRef = A2AD4BD62B64A74E0081A264 /* MainViewViewModel.swift */; };
		A2AD4BD92B64A7680081A264 /* ProfileViewViewModel.swift in Sources */ = {isa = PBXBuildFile; fileRef = A2AD4BD82B64A7680081A264 /* ProfileViewViewModel.swift */; };
		A2AD4BDC2B64A7950081A264 /* RegisterView.swift in Sources */ = {isa = PBXBuildFile; fileRef = A2AD4BDB2B64A7950081A264 /* RegisterView.swift */; };
		A2AD4BDE2B64A7AE0081A264 /* ToDoListViewViewModel.swift in Sources */ = {isa = PBXBuildFile; fileRef = A2AD4BDD2B64A7AE0081A264 /* ToDoListViewViewModel.swift */; };
		A2AD4BE02B64A7BD0081A264 /* NewItemViewViewModel.swift in Sources */ = {isa = PBXBuildFile; fileRef = A2AD4BDF2B64A7BD0081A264 /* NewItemViewViewModel.swift */; };
		A2AD4BE22B64A7CE0081A264 /* LoginViewViewModel.swift in Sources */ = {isa = PBXBuildFile; fileRef = A2AD4BE12B64A7CE0081A264 /* LoginViewViewModel.swift */; };
		A2AD4BE42B64A7E10081A264 /* RegisterViewViewModel.swift in Sources */ = {isa = PBXBuildFile; fileRef = A2AD4BE32B64A7E10081A264 /* RegisterViewViewModel.swift */; };
		A2AD4BE62B64A7F80081A264 /* ToDoListItemViewViewModel.swift in Sources */ = {isa = PBXBuildFile; fileRef = A2AD4BE52B64A7F80081A264 /* ToDoListItemViewViewModel.swift */; };
		A2AD4BE82B64ADAE0081A264 /* HeaderView.swift in Sources */ = {isa = PBXBuildFile; fileRef = A2AD4BE72B64ADAE0081A264 /* HeaderView.swift */; };
/* End PBXBuildFile section */

/* Begin PBXContainerItemProxy section */
		A2AD4B9E2B647C820081A264 /* PBXContainerItemProxy */ = {
			isa = PBXContainerItemProxy;
			containerPortal = A2AD4B852B647C800081A264 /* Project object */;
			proxyType = 1;
			remoteGlobalIDString = A2AD4B8C2B647C800081A264;
			remoteInfo = ToDoList;
		};
		A2AD4BA82B647C820081A264 /* PBXContainerItemProxy */ = {
			isa = PBXContainerItemProxy;
			containerPortal = A2AD4B852B647C800081A264 /* Project object */;
			proxyType = 1;
			remoteGlobalIDString = A2AD4B8C2B647C800081A264;
			remoteInfo = ToDoList;
		};
/* End PBXContainerItemProxy section */

/* Begin PBXFileReference section */
		A2752F792B64BFB200EB268F /* TLButton.swift */ = {isa = PBXFileReference; lastKnownFileType = sourcecode.swift; path = TLButton.swift; sourceTree = "<group>"; };
		A2AD4B8D2B647C800081A264 /* ToDoList.app */ = {isa = PBXFileReference; explicitFileType = wrapper.application; includeInIndex = 0; path = ToDoList.app; sourceTree = BUILT_PRODUCTS_DIR; };
		A2AD4B902B647C800081A264 /* ToDoListApp.swift */ = {isa = PBXFileReference; lastKnownFileType = sourcecode.swift; path = ToDoListApp.swift; sourceTree = "<group>"; };
		A2AD4B922B647C800081A264 /* MainView.swift */ = {isa = PBXFileReference; lastKnownFileType = sourcecode.swift; path = MainView.swift; sourceTree = "<group>"; };
		A2AD4B942B647C820081A264 /* Assets.xcassets */ = {isa = PBXFileReference; lastKnownFileType = folder.assetcatalog; path = Assets.xcassets; sourceTree = "<group>"; };
		A2AD4B972B647C820081A264 /* Preview Assets.xcassets */ = {isa = PBXFileReference; lastKnownFileType = folder.assetcatalog; path = "Preview Assets.xcassets"; sourceTree = "<group>"; };
		A2AD4B9D2B647C820081A264 /* ToDoListTests.xctest */ = {isa = PBXFileReference; explicitFileType = wrapper.cfbundle; includeInIndex = 0; path = ToDoListTests.xctest; sourceTree = BUILT_PRODUCTS_DIR; };
		A2AD4BA12B647C820081A264 /* ToDoListTests.swift */ = {isa = PBXFileReference; lastKnownFileType = sourcecode.swift; path = ToDoListTests.swift; sourceTree = "<group>"; };
		A2AD4BA72B647C820081A264 /* ToDoListUITests.xctest */ = {isa = PBXFileReference; explicitFileType = wrapper.cfbundle; includeInIndex = 0; path = ToDoListUITests.xctest; sourceTree = BUILT_PRODUCTS_DIR; };
		A2AD4BAB2B647C820081A264 /* ToDoListUITests.swift */ = {isa = PBXFileReference; lastKnownFileType = sourcecode.swift; path = ToDoListUITests.swift; sourceTree = "<group>"; };
		A2AD4BAD2B647C820081A264 /* ToDoListUITestsLaunchTests.swift */ = {isa = PBXFileReference; lastKnownFileType = sourcecode.swift; path = ToDoListUITestsLaunchTests.swift; sourceTree = "<group>"; };
		A2AD4BBA2B6499C70081A264 /* GoogleService-Info.plist */ = {isa = PBXFileReference; fileEncoding = 4; lastKnownFileType = text.plist.xml; path = "GoogleService-Info.plist"; sourceTree = "<group>"; };
		A2AD4BC82B64A5670081A264 /* ProfileView.swift */ = {isa = PBXFileReference; lastKnownFileType = sourcecode.swift; path = ProfileView.swift; sourceTree = "<group>"; };
		A2AD4BCA2B64A57F0081A264 /* ToDoListItemView.swift */ = {isa = PBXFileReference; lastKnownFileType = sourcecode.swift; path = ToDoListItemView.swift; sourceTree = "<group>"; };
		A2AD4BCC2B64A58E0081A264 /* NewItemView.swift */ = {isa = PBXFileReference; lastKnownFileType = sourcecode.swift; path = NewItemView.swift; sourceTree = "<group>"; };
		A2AD4BCE2B64A59C0081A264 /* LoginView.swift */ = {isa = PBXFileReference; lastKnownFileType = sourcecode.swift; path = LoginView.swift; sourceTree = "<group>"; };
		A2AD4BD02B64A6950081A264 /* ToDoListView.swift */ = {isa = PBXFileReference; lastKnownFileType = sourcecode.swift; path = ToDoListView.swift; sourceTree = "<group>"; };
		A2AD4BD22B64A7210081A264 /* User.swift */ = {isa = PBXFileReference; lastKnownFileType = sourcecode.swift; path = User.swift; sourceTree = "<group>"; };
		A2AD4BD42B64A7330081A264 /* ToDoListItem.swift */ = {isa = PBXFileReference; lastKnownFileType = sourcecode.swift; path = ToDoListItem.swift; sourceTree = "<group>"; };
		A2AD4BD62B64A74E0081A264 /* MainViewViewModel.swift */ = {isa = PBXFileReference; lastKnownFileType = sourcecode.swift; path = MainViewViewModel.swift; sourceTree = "<group>"; };
		A2AD4BD82B64A7680081A264 /* ProfileViewViewModel.swift */ = {isa = PBXFileReference; lastKnownFileType = sourcecode.swift; path = ProfileViewViewModel.swift; sourceTree = "<group>"; };
		A2AD4BDB2B64A7950081A264 /* RegisterView.swift */ = {isa = PBXFileReference; lastKnownFileType = sourcecode.swift; path = RegisterView.swift; sourceTree = "<group>"; };
		A2AD4BDD2B64A7AE0081A264 /* ToDoListViewViewModel.swift */ = {isa = PBXFileReference; lastKnownFileType = sourcecode.swift; path = ToDoListViewViewModel.swift; sourceTree = "<group>"; };
		A2AD4BDF2B64A7BD0081A264 /* NewItemViewViewModel.swift */ = {isa = PBXFileReference; lastKnownFileType = sourcecode.swift; path = NewItemViewViewModel.swift; sourceTree = "<group>"; };
		A2AD4BE12B64A7CE0081A264 /* LoginViewViewModel.swift */ = {isa = PBXFileReference; lastKnownFileType = sourcecode.swift; path = LoginViewViewModel.swift; sourceTree = "<group>"; };
		A2AD4BE32B64A7E10081A264 /* RegisterViewViewModel.swift */ = {isa = PBXFileReference; lastKnownFileType = sourcecode.swift; path = RegisterViewViewModel.swift; sourceTree = "<group>"; };
		A2AD4BE52B64A7F80081A264 /* ToDoListItemViewViewModel.swift */ = {isa = PBXFileReference; lastKnownFileType = sourcecode.swift; path = ToDoListItemViewViewModel.swift; sourceTree = "<group>"; };
		A2AD4BE72B64ADAE0081A264 /* HeaderView.swift */ = {isa = PBXFileReference; lastKnownFileType = sourcecode.swift; path = HeaderView.swift; sourceTree = "<group>"; };
/* End PBXFileReference section */

/* Begin PBXFrameworksBuildPhase section */
		A2AD4B8A2B647C800081A264 /* Frameworks */ = {
			isa = PBXFrameworksBuildPhase;
			buildActionMask = 2147483647;
			files = (
				A2AD4BBE2B649AFD0081A264 /* FirebaseAuth in Frameworks */,
				A2AD4BC02B649AFD0081A264 /* FirebaseFirestore in Frameworks */,
				A2AD4BC22B649AFD0081A264 /* FirebaseFirestoreSwift in Frameworks */,
			);
			runOnlyForDeploymentPostprocessing = 0;
		};
		A2AD4B9A2B647C820081A264 /* Frameworks */ = {
			isa = PBXFrameworksBuildPhase;
			buildActionMask = 2147483647;
			files = (
			);
			runOnlyForDeploymentPostprocessing = 0;
		};
		A2AD4BA42B647C820081A264 /* Frameworks */ = {
			isa = PBXFrameworksBuildPhase;
			buildActionMask = 2147483647;
			files = (
			);
			runOnlyForDeploymentPostprocessing = 0;
		};
/* End PBXFrameworksBuildPhase section */

/* Begin PBXGroup section */
		A2AD4B842B647C800081A264 = {
			isa = PBXGroup;
			children = (
				A2AD4B8F2B647C800081A264 /* ToDoList */,
				A2AD4BA02B647C820081A264 /* ToDoListTests */,
				A2AD4BAA2B647C820081A264 /* ToDoListUITests */,
				A2AD4B8E2B647C800081A264 /* Products */,
			);
			sourceTree = "<group>";
		};
		A2AD4B8E2B647C800081A264 /* Products */ = {
			isa = PBXGroup;
			children = (
				A2AD4B8D2B647C800081A264 /* ToDoList.app */,
				A2AD4B9D2B647C820081A264 /* ToDoListTests.xctest */,
				A2AD4BA72B647C820081A264 /* ToDoListUITests.xctest */,
			);
			name = Products;
			sourceTree = "<group>";
		};
		A2AD4B8F2B647C800081A264 /* ToDoList */ = {
			isa = PBXGroup;
			children = (
				A2AD4BC72B64A0950081A264 /* Other */,
				A2AD4BC62B64A0870081A264 /* Models */,
				A2AD4BC52B64A0750081A264 /* ViewModels */,
				A2AD4BC42B64A0370081A264 /* Views */,
				A2AD4B962B647C820081A264 /* Preview Content */,
			);
			path = ToDoList;
			sourceTree = "<group>";
		};
		A2AD4B962B647C820081A264 /* Preview Content */ = {
			isa = PBXGroup;
			children = (
				A2AD4B972B647C820081A264 /* Preview Assets.xcassets */,
			);
			path = "Preview Content";
			sourceTree = "<group>";
		};
		A2AD4BA02B647C820081A264 /* ToDoListTests */ = {
			isa = PBXGroup;
			children = (
				A2AD4BA12B647C820081A264 /* ToDoListTests.swift */,
			);
			path = ToDoListTests;
			sourceTree = "<group>";
		};
		A2AD4BAA2B647C820081A264 /* ToDoListUITests */ = {
			isa = PBXGroup;
			children = (
				A2AD4BAB2B647C820081A264 /* ToDoListUITests.swift */,
				A2AD4BAD2B647C820081A264 /* ToDoListUITestsLaunchTests.swift */,
			);
			path = ToDoListUITests;
			sourceTree = "<group>";
		};
		A2AD4BC42B64A0370081A264 /* Views */ = {
			isa = PBXGroup;
			children = (
				A2AD4B922B647C800081A264 /* MainView.swift */,
				A2AD4BC82B64A5670081A264 /* ProfileView.swift */,
				A2AD4BD02B64A6950081A264 /* ToDoListView.swift */,
				A2AD4BCC2B64A58E0081A264 /* NewItemView.swift */,
				A2AD4BCE2B64A59C0081A264 /* LoginView.swift */,
				A2AD4BDB2B64A7950081A264 /* RegisterView.swift */,
				A2AD4BCA2B64A57F0081A264 /* ToDoListItemView.swift */,
				A2AD4BE72B64ADAE0081A264 /* HeaderView.swift */,
				A2752F792B64BFB200EB268F /* TLButton.swift */,
			);
			path = Views;
			sourceTree = "<group>";
		};
		A2AD4BC52B64A0750081A264 /* ViewModels */ = {
			isa = PBXGroup;
			children = (
				A2AD4BD62B64A74E0081A264 /* MainViewViewModel.swift */,
				A2AD4BD82B64A7680081A264 /* ProfileViewViewModel.swift */,
				A2AD4BDD2B64A7AE0081A264 /* ToDoListViewViewModel.swift */,
				A2AD4BDF2B64A7BD0081A264 /* NewItemViewViewModel.swift */,
				A2AD4BE12B64A7CE0081A264 /* LoginViewViewModel.swift */,
				A2AD4BE32B64A7E10081A264 /* RegisterViewViewModel.swift */,
				A2AD4BE52B64A7F80081A264 /* ToDoListItemViewViewModel.swift */,
			);
			path = ViewModels;
			sourceTree = "<group>";
		};
		A2AD4BC62B64A0870081A264 /* Models */ = {
			isa = PBXGroup;
			children = (
				A2AD4BD22B64A7210081A264 /* User.swift */,
				A2AD4BD42B64A7330081A264 /* ToDoListItem.swift */,
			);
			path = Models;
			sourceTree = "<group>";
		};
		A2AD4BC72B64A0950081A264 /* Other */ = {
			isa = PBXGroup;
			children = (
				A2AD4B942B647C820081A264 /* Assets.xcassets */,
				A2AD4B902B647C800081A264 /* ToDoListApp.swift */,
				A2AD4BBA2B6499C70081A264 /* GoogleService-Info.plist */,
			);
			path = Other;
			sourceTree = "<group>";
		};
/* End PBXGroup section */

/* Begin PBXNativeTarget section */
		A2AD4B8C2B647C800081A264 /* ToDoList */ = {
			isa = PBXNativeTarget;
			buildConfigurationList = A2AD4BB12B647C820081A264 /* Build configuration list for PBXNativeTarget "ToDoList" */;
			buildPhases = (
				A2AD4B892B647C800081A264 /* Sources */,
				A2AD4B8A2B647C800081A264 /* Frameworks */,
				A2AD4B8B2B647C800081A264 /* Resources */,
			);
			buildRules = (
			);
			dependencies = (
			);
			name = ToDoList;
			packageProductDependencies = (
				A2AD4BBD2B649AFD0081A264 /* FirebaseAuth */,
				A2AD4BBF2B649AFD0081A264 /* FirebaseFirestore */,
				A2AD4BC12B649AFD0081A264 /* FirebaseFirestoreSwift */,
			);
			productName = ToDoList;
			productReference = A2AD4B8D2B647C800081A264 /* ToDoList.app */;
			productType = "com.apple.product-type.application";
		};
		A2AD4B9C2B647C820081A264 /* ToDoListTests */ = {
			isa = PBXNativeTarget;
			buildConfigurationList = A2AD4BB42B647C820081A264 /* Build configuration list for PBXNativeTarget "ToDoListTests" */;
			buildPhases = (
				A2AD4B992B647C820081A264 /* Sources */,
				A2AD4B9A2B647C820081A264 /* Frameworks */,
				A2AD4B9B2B647C820081A264 /* Resources */,
			);
			buildRules = (
			);
			dependencies = (
				A2AD4B9F2B647C820081A264 /* PBXTargetDependency */,
			);
			name = ToDoListTests;
			productName = ToDoListTests;
			productReference = A2AD4B9D2B647C820081A264 /* ToDoListTests.xctest */;
			productType = "com.apple.product-type.bundle.unit-test";
		};
		A2AD4BA62B647C820081A264 /* ToDoListUITests */ = {
			isa = PBXNativeTarget;
			buildConfigurationList = A2AD4BB72B647C820081A264 /* Build configuration list for PBXNativeTarget "ToDoListUITests" */;
			buildPhases = (
				A2AD4BA32B647C820081A264 /* Sources */,
				A2AD4BA42B647C820081A264 /* Frameworks */,
				A2AD4BA52B647C820081A264 /* Resources */,
			);
			buildRules = (
			);
			dependencies = (
				A2AD4BA92B647C820081A264 /* PBXTargetDependency */,
			);
			name = ToDoListUITests;
			productName = ToDoListUITests;
			productReference = A2AD4BA72B647C820081A264 /* ToDoListUITests.xctest */;
			productType = "com.apple.product-type.bundle.ui-testing";
		};
/* End PBXNativeTarget section */

/* Begin PBXProject section */
		A2AD4B852B647C800081A264 /* Project object */ = {
			isa = PBXProject;
			attributes = {
				BuildIndependentTargetsInParallel = 1;
				LastSwiftUpdateCheck = 1520;
				LastUpgradeCheck = 1520;
				TargetAttributes = {
					A2AD4B8C2B647C800081A264 = {
						CreatedOnToolsVersion = 15.2;
					};
					A2AD4B9C2B647C820081A264 = {
						CreatedOnToolsVersion = 15.2;
						TestTargetID = A2AD4B8C2B647C800081A264;
					};
					A2AD4BA62B647C820081A264 = {
						CreatedOnToolsVersion = 15.2;
						TestTargetID = A2AD4B8C2B647C800081A264;
					};
				};
			};
			buildConfigurationList = A2AD4B882B647C800081A264 /* Build configuration list for PBXProject "ToDoList" */;
			compatibilityVersion = "Xcode 14.0";
			developmentRegion = en;
			hasScannedForEncodings = 0;
			knownRegions = (
				en,
				Base,
			);
			mainGroup = A2AD4B842B647C800081A264;
			packageReferences = (
				A2AD4BBC2B649AFD0081A264 /* XCRemoteSwiftPackageReference "firebase-ios-sdk" */,
			);
			productRefGroup = A2AD4B8E2B647C800081A264 /* Products */;
			projectDirPath = "";
			projectRoot = "";
			targets = (
				A2AD4B8C2B647C800081A264 /* ToDoList */,
				A2AD4B9C2B647C820081A264 /* ToDoListTests */,
				A2AD4BA62B647C820081A264 /* ToDoListUITests */,
			);
		};
/* End PBXProject section */

/* Begin PBXResourcesBuildPhase section */
		A2AD4B8B2B647C800081A264 /* Resources */ = {
			isa = PBXResourcesBuildPhase;
			buildActionMask = 2147483647;
			files = (
				A2AD4B982B647C820081A264 /* Preview Assets.xcassets in Resources */,
				A2AD4B952B647C820081A264 /* Assets.xcassets in Resources */,
				A2AD4BBB2B6499C70081A264 /* GoogleService-Info.plist in Resources */,
			);
			runOnlyForDeploymentPostprocessing = 0;
		};
		A2AD4B9B2B647C820081A264 /* Resources */ = {
			isa = PBXResourcesBuildPhase;
			buildActionMask = 2147483647;
			files = (
			);
			runOnlyForDeploymentPostprocessing = 0;
		};
		A2AD4BA52B647C820081A264 /* Resources */ = {
			isa = PBXResourcesBuildPhase;
			buildActionMask = 2147483647;
			files = (
			);
			runOnlyForDeploymentPostprocessing = 0;
		};
/* End PBXResourcesBuildPhase section */

/* Begin PBXSourcesBuildPhase section */
		A2AD4B892B647C800081A264 /* Sources */ = {
			isa = PBXSourcesBuildPhase;
			buildActionMask = 2147483647;
			files = (
				A2AD4BCF2B64A59C0081A264 /* LoginView.swift in Sources */,
				A2AD4BE82B64ADAE0081A264 /* HeaderView.swift in Sources */,
				A2AD4B932B647C800081A264 /* MainView.swift in Sources */,
				A2AD4BE42B64A7E10081A264 /* RegisterViewViewModel.swift in Sources */,
				A2AD4BCB2B64A57F0081A264 /* ToDoListItemView.swift in Sources */,
				A2AD4BC92B64A5670081A264 /* ProfileView.swift in Sources */,
				A2AD4BD32B64A7210081A264 /* User.swift in Sources */,
				A2752F7A2B64BFB200EB268F /* TLButton.swift in Sources */,
				A2AD4B912B647C800081A264 /* ToDoListApp.swift in Sources */,
				A2AD4BCD2B64A58E0081A264 /* NewItemView.swift in Sources */,
				A2AD4BD92B64A7680081A264 /* ProfileViewViewModel.swift in Sources */,
				A2AD4BD12B64A6950081A264 /* ToDoListView.swift in Sources */,
				A2AD4BDE2B64A7AE0081A264 /* ToDoListViewViewModel.swift in Sources */,
				A2AD4BE22B64A7CE0081A264 /* LoginViewViewModel.swift in Sources */,
				A2AD4BDC2B64A7950081A264 /* RegisterView.swift in Sources */,
				A2AD4BD72B64A74E0081A264 /* MainViewViewModel.swift in Sources */,
				A2AD4BD52B64A7330081A264 /* ToDoListItem.swift in Sources */,
				A2AD4BE02B64A7BD0081A264 /* NewItemViewViewModel.swift in Sources */,
				A2AD4BE62B64A7F80081A264 /* ToDoListItemViewViewModel.swift in Sources */,
			);
			runOnlyForDeploymentPostprocessing = 0;
		};
		A2AD4B992B647C820081A264 /* Sources */ = {
			isa = PBXSourcesBuildPhase;
			buildActionMask = 2147483647;
			files = (
				A2AD4BA22B647C820081A264 /* ToDoListTests.swift in Sources */,
			);
			runOnlyForDeploymentPostprocessing = 0;
		};
		A2AD4BA32B647C820081A264 /* Sources */ = {
			isa = PBXSourcesBuildPhase;
			buildActionMask = 2147483647;
			files = (
				A2AD4BAE2B647C820081A264 /* ToDoListUITestsLaunchTests.swift in Sources */,
				A2AD4BAC2B647C820081A264 /* ToDoListUITests.swift in Sources */,
			);
			runOnlyForDeploymentPostprocessing = 0;
		};
/* End PBXSourcesBuildPhase section */

/* Begin PBXTargetDependency section */
		A2AD4B9F2B647C820081A264 /* PBXTargetDependency */ = {
			isa = PBXTargetDependency;
			target = A2AD4B8C2B647C800081A264 /* ToDoList */;
			targetProxy = A2AD4B9E2B647C820081A264 /* PBXContainerItemProxy */;
		};
		A2AD4BA92B647C820081A264 /* PBXTargetDependency */ = {
			isa = PBXTargetDependency;
			target = A2AD4B8C2B647C800081A264 /* ToDoList */;
			targetProxy = A2AD4BA82B647C820081A264 /* PBXContainerItemProxy */;
		};
/* End PBXTargetDependency section */

/* Begin XCBuildConfiguration section */
		A2AD4BAF2B647C820081A264 /* Debug */ = {
			isa = XCBuildConfiguration;
			buildSettings = {
				ALWAYS_SEARCH_USER_PATHS = NO;
				ASSETCATALOG_COMPILER_GENERATE_SWIFT_ASSET_SYMBOL_EXTENSIONS = YES;
				CLANG_ANALYZER_NONNULL = YES;
				CLANG_ANALYZER_NUMBER_OBJECT_CONVERSION = YES_AGGRESSIVE;
				CLANG_CXX_LANGUAGE_STANDARD = "gnu++20";
				CLANG_ENABLE_MODULES = YES;
				CLANG_ENABLE_OBJC_ARC = YES;
				CLANG_ENABLE_OBJC_WEAK = YES;
				CLANG_WARN_BLOCK_CAPTURE_AUTORELEASING = YES;
				CLANG_WARN_BOOL_CONVERSION = YES;
				CLANG_WARN_COMMA = YES;
				CLANG_WARN_CONSTANT_CONVERSION = YES;
				CLANG_WARN_DEPRECATED_OBJC_IMPLEMENTATIONS = YES;
				CLANG_WARN_DIRECT_OBJC_ISA_USAGE = YES_ERROR;
				CLANG_WARN_DOCUMENTATION_COMMENTS = YES;
				CLANG_WARN_EMPTY_BODY = YES;
				CLANG_WARN_ENUM_CONVERSION = YES;
				CLANG_WARN_INFINITE_RECURSION = YES;
				CLANG_WARN_INT_CONVERSION = YES;
				CLANG_WARN_NON_LITERAL_NULL_CONVERSION = YES;
				CLANG_WARN_OBJC_IMPLICIT_RETAIN_SELF = YES;
				CLANG_WARN_OBJC_LITERAL_CONVERSION = YES;
				CLANG_WARN_OBJC_ROOT_CLASS = YES_ERROR;
				CLANG_WARN_QUOTED_INCLUDE_IN_FRAMEWORK_HEADER = YES;
				CLANG_WARN_RANGE_LOOP_ANALYSIS = YES;
				CLANG_WARN_STRICT_PROTOTYPES = YES;
				CLANG_WARN_SUSPICIOUS_MOVE = YES;
				CLANG_WARN_UNGUARDED_AVAILABILITY = YES_AGGRESSIVE;
				CLANG_WARN_UNREACHABLE_CODE = YES;
				CLANG_WARN__DUPLICATE_METHOD_MATCH = YES;
				COPY_PHASE_STRIP = NO;
				DEBUG_INFORMATION_FORMAT = dwarf;
				ENABLE_STRICT_OBJC_MSGSEND = YES;
				ENABLE_TESTABILITY = YES;
				ENABLE_USER_SCRIPT_SANDBOXING = YES;
				GCC_C_LANGUAGE_STANDARD = gnu17;
				GCC_DYNAMIC_NO_PIC = NO;
				GCC_NO_COMMON_BLOCKS = YES;
				GCC_OPTIMIZATION_LEVEL = 0;
				GCC_PREPROCESSOR_DEFINITIONS = (
					"DEBUG=1",
					"$(inherited)",
				);
				GCC_WARN_64_TO_32_BIT_CONVERSION = YES;
				GCC_WARN_ABOUT_RETURN_TYPE = YES_ERROR;
				GCC_WARN_UNDECLARED_SELECTOR = YES;
				GCC_WARN_UNINITIALIZED_AUTOS = YES_AGGRESSIVE;
				GCC_WARN_UNUSED_FUNCTION = YES;
				GCC_WARN_UNUSED_VARIABLE = YES;
				IPHONEOS_DEPLOYMENT_TARGET = 17.2;
				LOCALIZATION_PREFERS_STRING_CATALOGS = YES;
				MTL_ENABLE_DEBUG_INFO = INCLUDE_SOURCE;
				MTL_FAST_MATH = YES;
				ONLY_ACTIVE_ARCH = YES;
				SDKROOT = iphoneos;
				SWIFT_ACTIVE_COMPILATION_CONDITIONS = "DEBUG $(inherited)";
				SWIFT_OPTIMIZATION_LEVEL = "-Onone";
			};
			name = Debug;
		};
		A2AD4BB02B647C820081A264 /* Release */ = {
			isa = XCBuildConfiguration;
			buildSettings = {
				ALWAYS_SEARCH_USER_PATHS = NO;
				ASSETCATALOG_COMPILER_GENERATE_SWIFT_ASSET_SYMBOL_EXTENSIONS = YES;
				CLANG_ANALYZER_NONNULL = YES;
				CLANG_ANALYZER_NUMBER_OBJECT_CONVERSION = YES_AGGRESSIVE;
				CLANG_CXX_LANGUAGE_STANDARD = "gnu++20";
				CLANG_ENABLE_MODULES = YES;
				CLANG_ENABLE_OBJC_ARC = YES;
				CLANG_ENABLE_OBJC_WEAK = YES;
				CLANG_WARN_BLOCK_CAPTURE_AUTORELEASING = YES;
				CLANG_WARN_BOOL_CONVERSION = YES;
				CLANG_WARN_COMMA = YES;
				CLANG_WARN_CONSTANT_CONVERSION = YES;
				CLANG_WARN_DEPRECATED_OBJC_IMPLEMENTATIONS = YES;
				CLANG_WARN_DIRECT_OBJC_ISA_USAGE = YES_ERROR;
				CLANG_WARN_DOCUMENTATION_COMMENTS = YES;
				CLANG_WARN_EMPTY_BODY = YES;
				CLANG_WARN_ENUM_CONVERSION = YES;
				CLANG_WARN_INFINITE_RECURSION = YES;
				CLANG_WARN_INT_CONVERSION = YES;
				CLANG_WARN_NON_LITERAL_NULL_CONVERSION = YES;
				CLANG_WARN_OBJC_IMPLICIT_RETAIN_SELF = YES;
				CLANG_WARN_OBJC_LITERAL_CONVERSION = YES;
				CLANG_WARN_OBJC_ROOT_CLASS = YES_ERROR;
				CLANG_WARN_QUOTED_INCLUDE_IN_FRAMEWORK_HEADER = YES;
				CLANG_WARN_RANGE_LOOP_ANALYSIS = YES;
				CLANG_WARN_STRICT_PROTOTYPES = YES;
				CLANG_WARN_SUSPICIOUS_MOVE = YES;
				CLANG_WARN_UNGUARDED_AVAILABILITY = YES_AGGRESSIVE;
				CLANG_WARN_UNREACHABLE_CODE = YES;
				CLANG_WARN__DUPLICATE_METHOD_MATCH = YES;
				COPY_PHASE_STRIP = NO;
				DEBUG_INFORMATION_FORMAT = "dwarf-with-dsym";
				ENABLE_NS_ASSERTIONS = NO;
				ENABLE_STRICT_OBJC_MSGSEND = YES;
				ENABLE_USER_SCRIPT_SANDBOXING = YES;
				GCC_C_LANGUAGE_STANDARD = gnu17;
				GCC_NO_COMMON_BLOCKS = YES;
				GCC_WARN_64_TO_32_BIT_CONVERSION = YES;
				GCC_WARN_ABOUT_RETURN_TYPE = YES_ERROR;
				GCC_WARN_UNDECLARED_SELECTOR = YES;
				GCC_WARN_UNINITIALIZED_AUTOS = YES_AGGRESSIVE;
				GCC_WARN_UNUSED_FUNCTION = YES;
				GCC_WARN_UNUSED_VARIABLE = YES;
				IPHONEOS_DEPLOYMENT_TARGET = 17.2;
				LOCALIZATION_PREFERS_STRING_CATALOGS = YES;
				MTL_ENABLE_DEBUG_INFO = NO;
				MTL_FAST_MATH = YES;
				SDKROOT = iphoneos;
				SWIFT_COMPILATION_MODE = wholemodule;
				VALIDATE_PRODUCT = YES;
			};
			name = Release;
		};
		A2AD4BB22B647C820081A264 /* Debug */ = {
			isa = XCBuildConfiguration;
			buildSettings = {
				ASSETCATALOG_COMPILER_APPICON_NAME = AppIcon;
				ASSETCATALOG_COMPILER_GLOBAL_ACCENT_COLOR_NAME = AccentColor;
				CODE_SIGN_STYLE = Automatic;
				CURRENT_PROJECT_VERSION = 1;
				DEVELOPMENT_ASSET_PATHS = "\"ToDoList/Preview Content\"";
				ENABLE_PREVIEWS = YES;
				GENERATE_INFOPLIST_FILE = YES;
				INFOPLIST_KEY_CFBundleDisplayName = "To Do List";
				INFOPLIST_KEY_UIApplicationSceneManifest_Generation = YES;
				INFOPLIST_KEY_UIApplicationSupportsIndirectInputEvents = YES;
				INFOPLIST_KEY_UILaunchScreen_Generation = YES;
				INFOPLIST_KEY_UISupportedInterfaceOrientations = UIInterfaceOrientationPortrait;
				LD_RUNPATH_SEARCH_PATHS = (
					"$(inherited)",
					"@executable_path/Frameworks",
				);
				MARKETING_VERSION = 1.0;
				PRODUCT_BUNDLE_IDENTIFIER = com.ToDoList.ToDoList;
				PRODUCT_NAME = "$(TARGET_NAME)";
				SWIFT_EMIT_LOC_STRINGS = YES;
				SWIFT_VERSION = 5.0;
				TARGETED_DEVICE_FAMILY = "1,2";
			};
			name = Debug;
		};
		A2AD4BB32B647C820081A264 /* Release */ = {
			isa = XCBuildConfiguration;
			buildSettings = {
				ASSETCATALOG_COMPILER_APPICON_NAME = AppIcon;
				ASSETCATALOG_COMPILER_GLOBAL_ACCENT_COLOR_NAME = AccentColor;
				CODE_SIGN_STYLE = Automatic;
				CURRENT_PROJECT_VERSION = 1;
				DEVELOPMENT_ASSET_PATHS = "\"ToDoList/Preview Content\"";
				ENABLE_PREVIEWS = YES;
				GENERATE_INFOPLIST_FILE = YES;
				INFOPLIST_KEY_CFBundleDisplayName = "To Do List";
				INFOPLIST_KEY_UIApplicationSceneManifest_Generation = YES;
				INFOPLIST_KEY_UIApplicationSupportsIndirectInputEvents = YES;
				INFOPLIST_KEY_UILaunchScreen_Generation = YES;
				INFOPLIST_KEY_UISupportedInterfaceOrientations = UIInterfaceOrientationPortrait;
				LD_RUNPATH_SEARCH_PATHS = (
					"$(inherited)",
					"@executable_path/Frameworks",
				);
				MARKETING_VERSION = 1.0;
				PRODUCT_BUNDLE_IDENTIFIER = com.ToDoList.ToDoList;
				PRODUCT_NAME = "$(TARGET_NAME)";
				SWIFT_EMIT_LOC_STRINGS = YES;
				SWIFT_VERSION = 5.0;
				TARGETED_DEVICE_FAMILY = "1,2";
			};
			name = Release;
		};
		A2AD4BB52B647C820081A264 /* Debug */ = {
			isa = XCBuildConfiguration;
			buildSettings = {
				ALWAYS_EMBED_SWIFT_STANDARD_LIBRARIES = YES;
				BUNDLE_LOADER = "$(TEST_HOST)";
				CODE_SIGN_STYLE = Automatic;
				CURRENT_PROJECT_VERSION = 1;
				GENERATE_INFOPLIST_FILE = YES;
				IPHONEOS_DEPLOYMENT_TARGET = 17.2;
				MARKETING_VERSION = 1.0;
				PRODUCT_BUNDLE_IDENTIFIER = com.ToDoList.ToDoListTests;
				PRODUCT_NAME = "$(TARGET_NAME)";
				SWIFT_EMIT_LOC_STRINGS = NO;
				SWIFT_VERSION = 5.0;
				TARGETED_DEVICE_FAMILY = "1,2";
				TEST_HOST = "$(BUILT_PRODUCTS_DIR)/ToDoList.app/$(BUNDLE_EXECUTABLE_FOLDER_PATH)/ToDoList";
			};
			name = Debug;
		};
		A2AD4BB62B647C820081A264 /* Release */ = {
			isa = XCBuildConfiguration;
			buildSettings = {
				ALWAYS_EMBED_SWIFT_STANDARD_LIBRARIES = YES;
				BUNDLE_LOADER = "$(TEST_HOST)";
				CODE_SIGN_STYLE = Automatic;
				CURRENT_PROJECT_VERSION = 1;
				GENERATE_INFOPLIST_FILE = YES;
				IPHONEOS_DEPLOYMENT_TARGET = 17.2;
				MARKETING_VERSION = 1.0;
				PRODUCT_BUNDLE_IDENTIFIER = com.ToDoList.ToDoListTests;
				PRODUCT_NAME = "$(TARGET_NAME)";
				SWIFT_EMIT_LOC_STRINGS = NO;
				SWIFT_VERSION = 5.0;
				TARGETED_DEVICE_FAMILY = "1,2";
				TEST_HOST = "$(BUILT_PRODUCTS_DIR)/ToDoList.app/$(BUNDLE_EXECUTABLE_FOLDER_PATH)/ToDoList";
			};
			name = Release;
		};
		A2AD4BB82B647C820081A264 /* Debug */ = {
			isa = XCBuildConfiguration;
			buildSettings = {
				ALWAYS_EMBED_SWIFT_STANDARD_LIBRARIES = YES;
				CODE_SIGN_STYLE = Automatic;
				CURRENT_PROJECT_VERSION = 1;
				GENERATE_INFOPLIST_FILE = YES;
				MARKETING_VERSION = 1.0;
				PRODUCT_BUNDLE_IDENTIFIER = com.ToDoList.ToDoListUITests;
				PRODUCT_NAME = "$(TARGET_NAME)";
				SWIFT_EMIT_LOC_STRINGS = NO;
				SWIFT_VERSION = 5.0;
				TARGETED_DEVICE_FAMILY = "1,2";
				TEST_TARGET_NAME = ToDoList;
			};
			name = Debug;
		};
		A2AD4BB92B647C820081A264 /* Release */ = {
			isa = XCBuildConfiguration;
			buildSettings = {
				ALWAYS_EMBED_SWIFT_STANDARD_LIBRARIES = YES;
				CODE_SIGN_STYLE = Automatic;
				CURRENT_PROJECT_VERSION = 1;
				GENERATE_INFOPLIST_FILE = YES;
				MARKETING_VERSION = 1.0;
				PRODUCT_BUNDLE_IDENTIFIER = com.ToDoList.ToDoListUITests;
				PRODUCT_NAME = "$(TARGET_NAME)";
				SWIFT_EMIT_LOC_STRINGS = NO;
				SWIFT_VERSION = 5.0;
				TARGETED_DEVICE_FAMILY = "1,2";
				TEST_TARGET_NAME = ToDoList;
			};
			name = Release;
		};
/* End XCBuildConfiguration section */

/* Begin XCConfigurationList section */
		A2AD4B882B647C800081A264 /* Build configuration list for PBXProject "ToDoList" */ = {
			isa = XCConfigurationList;
			buildConfigurations = (
				A2AD4BAF2B647C820081A264 /* Debug */,
				A2AD4BB02B647C820081A264 /* Release */,
			);
			defaultConfigurationIsVisible = 0;
			defaultConfigurationName = Release;
		};
		A2AD4BB12B647C820081A264 /* Build configuration list for PBXNativeTarget "ToDoList" */ = {
			isa = XCConfigurationList;
			buildConfigurations = (
				A2AD4BB22B647C820081A264 /* Debug */,
				A2AD4BB32B647C820081A264 /* Release */,
			);
			defaultConfigurationIsVisible = 0;
			defaultConfigurationName = Release;
		};
		A2AD4BB42B647C820081A264 /* Build configuration list for PBXNativeTarget "ToDoListTests" */ = {
			isa = XCConfigurationList;
			buildConfigurations = (
				A2AD4BB52B647C820081A264 /* Debug */,
				A2AD4BB62B647C820081A264 /* Release */,
			);
			defaultConfigurationIsVisible = 0;
			defaultConfigurationName = Release;
		};
		A2AD4BB72B647C820081A264 /* Build configuration list for PBXNativeTarget "ToDoListUITests" */ = {
			isa = XCConfigurationList;
			buildConfigurations = (
				A2AD4BB82B647C820081A264 /* Debug */,
				A2AD4BB92B647C820081A264 /* Release */,
			);
			defaultConfigurationIsVisible = 0;
			defaultConfigurationName = Release;
		};
/* End XCConfigurationList section */

/* Begin XCRemoteSwiftPackageReference section */
		A2AD4BBC2B649AFD0081A264 /* XCRemoteSwiftPackageReference "firebase-ios-sdk" */ = {
			isa = XCRemoteSwiftPackageReference;
			repositoryURL = "https://github.com/firebase/firebase-ios-sdk";
			requirement = {
				kind = upToNextMajorVersion;
				minimumVersion = 10.20.0;
			};
		};
/* End XCRemoteSwiftPackageReference section */

/* Begin XCSwiftPackageProductDependency section */
		A2AD4BBD2B649AFD0081A264 /* FirebaseAuth */ = {
			isa = XCSwiftPackageProductDependency;
			package = A2AD4BBC2B649AFD0081A264 /* XCRemoteSwiftPackageReference "firebase-ios-sdk" */;
			productName = FirebaseAuth;
		};
		A2AD4BBF2B649AFD0081A264 /* FirebaseFirestore */ = {
			isa = XCSwiftPackageProductDependency;
			package = A2AD4BBC2B649AFD0081A264 /* XCRemoteSwiftPackageReference "firebase-ios-sdk" */;
			productName = FirebaseFirestore;
		};
		A2AD4BC12B649AFD0081A264 /* FirebaseFirestoreSwift */ = {
			isa = XCSwiftPackageProductDependency;
			package = A2AD4BBC2B649AFD0081A264 /* XCRemoteSwiftPackageReference "firebase-ios-sdk" */;
			productName = FirebaseFirestoreSwift;
		};
/* End XCSwiftPackageProductDependency section */
	};
	rootObject = A2AD4B852B647C800081A264 /* Project object */;
}
